
Microsoft Visual Studio Solution File, Format Version 12.00
# Visual Studio 15
VisualStudioVersion = 15.0.28010.2019
MinimumVisualStudioVersion = 10.0.40219.1
Project("{FAE04EC0-301F-11D3-BF4B-00C04F79EFBC}") = "stos", "stos\stos.csproj", "{F54A580D-C3D8-454F-A5EA-EA5EE70DB856}"
EndProject
Global
	GlobalSection(SolutionConfigurationPlatforms) = preSolution
		Debug|Any CPU = Debug|Any CPU
		Release|Any CPU = Release|Any CPU
	EndGlobalSection
	GlobalSection(ProjectConfigurationPlatforms) = postSolution
		{F54A580D-C3D8-454F-A5EA-EA5EE70DB856}.Debug|Any CPU.ActiveCfg = Debug|Any CPU
		{F54A580D-C3D8-454F-A5EA-EA5EE70DB856}.Debug|Any CPU.Build.0 = Debug|Any CPU
		{F54A580D-C3D8-454F-A5EA-EA5EE70DB856}.Release|Any CPU.ActiveCfg = Release|Any CPU
		{F54A580D-C3D8-454F-A5EA-EA5EE70DB856}.Release|Any CPU.Build.0 = Release|Any CPU
	EndGlobalSection
	GlobalSection(SolutionProperties) = preSolution
		HideSolutionNode = FALSE
	EndGlobalSection
	GlobalSection(ExtensibilityGlobals) = postSolution
		SolutionGuid = {AF430598-BA3B-4D7C-BFBD-02008B4C9112}
	EndGlobalSection
EndGlobal
